
Microsoft Visual Studio Solution File, Format Version 12.00
# Visual Studio Version 17
VisualStudioVersion = 17.0.31903.59
MinimumVisualStudioVersion = 10.0.40219.1
Project("{FAE04EC0-301F-11D3-BF4B-00C04F79EFBC}") = "RimeAutomation", "RimeAutomation\RimeAutomation.csproj", "{A52E9716-6E4A-4A1C-811A-158A80F4A1D8}"
EndProject
Project("{FAE04EC0-301F-11D3-BF4B-00C04F79EFBC}") = "RimeAutomation.Tests", "RimeAutomation.Tests\RimeAutomation.Tests.csproj", "{9C9CF9AC-6EB6-4258-A95F-8F4507F0E973}"
EndProject
Global
	GlobalSection(SolutionConfigurationPlatforms) = preSolution
		Debug|Any CPU = Debug|Any CPU
		Release|Any CPU = Release|Any CPU
	EndGlobalSection
	GlobalSection(SolutionProperties) = preSolution
		HideSolutionNode = FALSE
	EndGlobalSection
	GlobalSection(ProjectConfigurationPlatforms) = postSolution
		{A52E9716-6E4A-4A1C-811A-158A80F4A1D8}.Debug|Any CPU.ActiveCfg = Debug|Any CPU
		{A52E9716-6E4A-4A1C-811A-158A80F4A1D8}.Debug|Any CPU.Build.0 = Debug|Any CPU
		{A52E9716-6E4A-4A1C-811A-158A80F4A1D8}.Release|Any CPU.ActiveCfg = Release|Any CPU
		{A52E9716-6E4A-4A1C-811A-158A80F4A1D8}.Release|Any CPU.Build.0 = Release|Any CPU
		{9C9CF9AC-6EB6-4258-A95F-8F4507F0E973}.Debug|Any CPU.ActiveCfg = Debug|Any CPU
		{9C9CF9AC-6EB6-4258-A95F-8F4507F0E973}.Debug|Any CPU.Build.0 = Debug|Any CPU
		{9C9CF9AC-6EB6-4258-A95F-8F4507F0E973}.Release|Any CPU.ActiveCfg = Release|Any CPU
		{9C9CF9AC-6EB6-4258-A95F-8F4507F0E973}.Release|Any CPU.Build.0 = Release|Any CPU
	EndGlobalSection
EndGlobal
